// !$*UTF8*$!
{
	archiveVersion = 1;
	classes = {
	};
	objectVersion = 50;
	objects = {

/* Begin PBXBuildFile section */
		80C71D105436DF41D5D31F98 /* libPods-weatherClient.a in Frameworks */ = {isa = PBXBuildFile; fileRef = 9CC4E4C0A2DD50B08029F393 /* libPods-weatherClient.a */; };
		94E6E39520E14B2800C5CBAE /* Location.m in Sources */ = {isa = PBXBuildFile; fileRef = 94E6E39420E14B2800C5CBAE /* Location.m */; };
		A454D55A64E6FD9B7A7486B7 /* libPods-weatherClientUITests.a in Frameworks */ = {isa = PBXBuildFile; fileRef = 2EB687D86631C60BC794B47E /* libPods-weatherClientUITests.a */; };
		B573DE1120D9509F0083DEC7 /* AppDelegate.m in Sources */ = {isa = PBXBuildFile; fileRef = B573DE1020D9509F0083DEC7 /* AppDelegate.m */; };
		B573DE1420D9509F0083DEC7 /* ViewController.m in Sources */ = {isa = PBXBuildFile; fileRef = B573DE1320D9509F0083DEC7 /* ViewController.m */; };
		B573DE1720D9509F0083DEC7 /* Main.storyboard in Resources */ = {isa = PBXBuildFile; fileRef = B573DE1520D9509F0083DEC7 /* Main.storyboard */; };
		B573DE1A20D9509F0083DEC7 /* weatherClient.xcdatamodeld in Sources */ = {isa = PBXBuildFile; fileRef = B573DE1820D9509F0083DEC7 /* weatherClient.xcdatamodeld */; };
		B573DE1C20D950A10083DEC7 /* Assets.xcassets in Resources */ = {isa = PBXBuildFile; fileRef = B573DE1B20D950A10083DEC7 /* Assets.xcassets */; };
		B573DE1F20D950A10083DEC7 /* LaunchScreen.storyboard in Resources */ = {isa = PBXBuildFile; fileRef = B573DE1D20D950A10083DEC7 /* LaunchScreen.storyboard */; };
		B573DE2220D950A10083DEC7 /* main.m in Sources */ = {isa = PBXBuildFile; fileRef = B573DE2120D950A10083DEC7 /* main.m */; };
		B573DE2C20D950A10083DEC7 /* weatherClientTests.m in Sources */ = {isa = PBXBuildFile; fileRef = B573DE2B20D950A10083DEC7 /* weatherClientTests.m */; };
		B573DE3720D950A10083DEC7 /* weatherClientUITests.m in Sources */ = {isa = PBXBuildFile; fileRef = B573DE3620D950A10083DEC7 /* weatherClientUITests.m */; };
		B573DE4920D95D430083DEC7 /* Registration.m in Sources */ = {isa = PBXBuildFile; fileRef = B573DE4820D95D430083DEC7 /* Registration.m */; };
		B573DE5220DA5BE50083DEC7 /* Weather.m in Sources */ = {isa = PBXBuildFile; fileRef = B573DE5120DA5BE50083DEC7 /* Weather.m */; };
		B5A86BDF20DBE51600F9EC45 /* TabBarController.m in Sources */ = {isa = PBXBuildFile; fileRef = B5A86BDE20DBE51600F9EC45 /* TabBarController.m */; };
		B5A86BE320DEA6B000F9EC45 /* WeatherViewController.m in Sources */ = {isa = PBXBuildFile; fileRef = B5A86BE120DEA6B000F9EC45 /* WeatherViewController.m */; };
		B5A86BE420DEA6B000F9EC45 /* WeatherViewController.xib in Resources */ = {isa = PBXBuildFile; fileRef = B5A86BE220DEA6B000F9EC45 /* WeatherViewController.xib */; };
		B5A86BE720DEA71500F9EC45 /* WeatherView.m in Sources */ = {isa = PBXBuildFile; fileRef = B5A86BE620DEA71500F9EC45 /* WeatherView.m */; };
		B5A86BE920DEA8B800F9EC45 /* CoreLocation.framework in Frameworks */ = {isa = PBXBuildFile; fileRef = B5A86BE820DEA8B800F9EC45 /* CoreLocation.framework */; };
		FDE0209BF348F17B7470ABE9 /* libPods-weatherClientTests.a in Frameworks */ = {isa = PBXBuildFile; fileRef = 9DDCCE3B6EB5C87B181E6078 /* libPods-weatherClientTests.a */; };
/* End PBXBuildFile section */

/* Begin PBXContainerItemProxy section */
		B573DE2820D950A10083DEC7 /* PBXContainerItemProxy */ = {
			isa = PBXContainerItemProxy;
			containerPortal = B573DE0420D9509E0083DEC7 /* Project object */;
			proxyType = 1;
			remoteGlobalIDString = B573DE0B20D9509F0083DEC7;
			remoteInfo = weatherClient;
		};
		B573DE3320D950A10083DEC7 /* PBXContainerItemProxy */ = {
			isa = PBXContainerItemProxy;
			containerPortal = B573DE0420D9509E0083DEC7 /* Project object */;
			proxyType = 1;
			remoteGlobalIDString = B573DE0B20D9509F0083DEC7;
			remoteInfo = weatherClient;
		};
/* End PBXContainerItemProxy section */

/* Begin PBXFileReference section */
		0A9C636EF08BC4C7121A4F24 /* Pods-weatherClientUITests.release.xcconfig */ = {isa = PBXFileReference; includeInIndex = 1; lastKnownFileType = text.xcconfig; name = "Pods-weatherClientUITests.release.xcconfig"; path = "Pods/Target Support Files/Pods-weatherClientUITests/Pods-weatherClientUITests.release.xcconfig"; sourceTree = "<group>"; };
		20042BA194007700FFB125E4 /* Pods-weatherClientTests.debug.xcconfig */ = {isa = PBXFileReference; includeInIndex = 1; lastKnownFileType = text.xcconfig; name = "Pods-weatherClientTests.debug.xcconfig"; path = "Pods/Target Support Files/Pods-weatherClientTests/Pods-weatherClientTests.debug.xcconfig"; sourceTree = "<group>"; };
		2EB687D86631C60BC794B47E /* libPods-weatherClientUITests.a */ = {isa = PBXFileReference; explicitFileType = archive.ar; includeInIndex = 0; path = "libPods-weatherClientUITests.a"; sourceTree = BUILT_PRODUCTS_DIR; };
		655324CC0801B8BCF0C90F84 /* Pods-weatherClientUITests.debug.xcconfig */ = {isa = PBXFileReference; includeInIndex = 1; lastKnownFileType = text.xcconfig; name = "Pods-weatherClientUITests.debug.xcconfig"; path = "Pods/Target Support Files/Pods-weatherClientUITests/Pods-weatherClientUITests.debug.xcconfig"; sourceTree = "<group>"; };
		94E6E39320E14B2800C5CBAE /* Location.h */ = {isa = PBXFileReference; lastKnownFileType = sourcecode.c.h; name = Location.h; path = weatherClient/Location.h; sourceTree = SOURCE_ROOT; };
		94E6E39420E14B2800C5CBAE /* Location.m */ = {isa = PBXFileReference; lastKnownFileType = sourcecode.c.objc; name = Location.m; path = weatherClient/Location.m; sourceTree = SOURCE_ROOT; };
		9CC4E4C0A2DD50B08029F393 /* libPods-weatherClient.a */ = {isa = PBXFileReference; explicitFileType = archive.ar; includeInIndex = 0; path = "libPods-weatherClient.a"; sourceTree = BUILT_PRODUCTS_DIR; };
		9DDCCE3B6EB5C87B181E6078 /* libPods-weatherClientTests.a */ = {isa = PBXFileReference; explicitFileType = archive.ar; includeInIndex = 0; path = "libPods-weatherClientTests.a"; sourceTree = BUILT_PRODUCTS_DIR; };
		A6B6ACA6835109897FAA01D3 /* Pods-weatherClient.debug.xcconfig */ = {isa = PBXFileReference; includeInIndex = 1; lastKnownFileType = text.xcconfig; name = "Pods-weatherClient.debug.xcconfig"; path = "Pods/Target Support Files/Pods-weatherClient/Pods-weatherClient.debug.xcconfig"; sourceTree = "<group>"; };
		B573DE0C20D9509F0083DEC7 /* weatherClient.app */ = {isa = PBXFileReference; explicitFileType = wrapper.application; includeInIndex = 0; path = weatherClient.app; sourceTree = BUILT_PRODUCTS_DIR; };
		B573DE0F20D9509F0083DEC7 /* AppDelegate.h */ = {isa = PBXFileReference; lastKnownFileType = sourcecode.c.h; path = AppDelegate.h; sourceTree = "<group>"; };
		B573DE1020D9509F0083DEC7 /* AppDelegate.m */ = {isa = PBXFileReference; lastKnownFileType = sourcecode.c.objc; path = AppDelegate.m; sourceTree = "<group>"; };
		B573DE1220D9509F0083DEC7 /* ViewController.h */ = {isa = PBXFileReference; lastKnownFileType = sourcecode.c.h; path = ViewController.h; sourceTree = "<group>"; };
		B573DE1320D9509F0083DEC7 /* ViewController.m */ = {isa = PBXFileReference; lastKnownFileType = sourcecode.c.objc; path = ViewController.m; sourceTree = "<group>"; };
		B573DE1620D9509F0083DEC7 /* Base */ = {isa = PBXFileReference; lastKnownFileType = file.storyboard; name = Base; path = Base.lproj/Main.storyboard; sourceTree = "<group>"; };
		B573DE1920D9509F0083DEC7 /* weatherClient.xcdatamodel */ = {isa = PBXFileReference; lastKnownFileType = wrapper.xcdatamodel; path = weatherClient.xcdatamodel; sourceTree = "<group>"; };
		B573DE1B20D950A10083DEC7 /* Assets.xcassets */ = {isa = PBXFileReference; lastKnownFileType = folder.assetcatalog; path = Assets.xcassets; sourceTree = "<group>"; };
		B573DE1E20D950A10083DEC7 /* Base */ = {isa = PBXFileReference; lastKnownFileType = file.storyboard; name = Base; path = Base.lproj/LaunchScreen.storyboard; sourceTree = "<group>"; };
		B573DE2020D950A10083DEC7 /* Info.plist */ = {isa = PBXFileReference; lastKnownFileType = text.plist.xml; path = Info.plist; sourceTree = "<group>"; };
		B573DE2120D950A10083DEC7 /* main.m */ = {isa = PBXFileReference; lastKnownFileType = sourcecode.c.objc; path = main.m; sourceTree = "<group>"; };
		B573DE2720D950A10083DEC7 /* weatherClientTests.xctest */ = {isa = PBXFileReference; explicitFileType = wrapper.cfbundle; includeInIndex = 0; path = weatherClientTests.xctest; sourceTree = BUILT_PRODUCTS_DIR; };
		B573DE2B20D950A10083DEC7 /* weatherClientTests.m */ = {isa = PBXFileReference; lastKnownFileType = sourcecode.c.objc; path = weatherClientTests.m; sourceTree = "<group>"; };
		B573DE2D20D950A10083DEC7 /* Info.plist */ = {isa = PBXFileReference; lastKnownFileType = text.plist.xml; path = Info.plist; sourceTree = "<group>"; };
		B573DE3220D950A10083DEC7 /* weatherClientUITests.xctest */ = {isa = PBXFileReference; explicitFileType = wrapper.cfbundle; includeInIndex = 0; path = weatherClientUITests.xctest; sourceTree = BUILT_PRODUCTS_DIR; };
		B573DE3620D950A10083DEC7 /* weatherClientUITests.m */ = {isa = PBXFileReference; lastKnownFileType = sourcecode.c.objc; path = weatherClientUITests.m; sourceTree = "<group>"; };
		B573DE3820D950A10083DEC7 /* Info.plist */ = {isa = PBXFileReference; lastKnownFileType = text.plist.xml; path = Info.plist; sourceTree = "<group>"; };
		B573DE4720D95D430083DEC7 /* Registration.h */ = {isa = PBXFileReference; lastKnownFileType = sourcecode.c.h; path = Registration.h; sourceTree = "<group>"; };
		B573DE4820D95D430083DEC7 /* Registration.m */ = {isa = PBXFileReference; lastKnownFileType = sourcecode.c.objc; path = Registration.m; sourceTree = "<group>"; };
		B573DE5020DA5BE50083DEC7 /* Weather.h */ = {isa = PBXFileReference; lastKnownFileType = sourcecode.c.h; path = Weather.h; sourceTree = "<group>"; };
		B573DE5120DA5BE50083DEC7 /* Weather.m */ = {isa = PBXFileReference; lastKnownFileType = sourcecode.c.objc; path = Weather.m; sourceTree = "<group>"; };
		B5A86BDD20DBE51600F9EC45 /* TabBarController.h */ = {isa = PBXFileReference; lastKnownFileType = sourcecode.c.h; path = TabBarController.h; sourceTree = "<group>"; };
		B5A86BDE20DBE51600F9EC45 /* TabBarController.m */ = {isa = PBXFileReference; lastKnownFileType = sourcecode.c.objc; path = TabBarController.m; sourceTree = "<group>"; };
		B5A86BE020DEA6B000F9EC45 /* WeatherViewController.h */ = {isa = PBXFileReference; lastKnownFileType = sourcecode.c.h; path = WeatherViewController.h; sourceTree = "<group>"; };
		B5A86BE120DEA6B000F9EC45 /* WeatherViewController.m */ = {isa = PBXFileReference; lastKnownFileType = sourcecode.c.objc; path = WeatherViewController.m; sourceTree = "<group>"; };
		B5A86BE220DEA6B000F9EC45 /* WeatherViewController.xib */ = {isa = PBXFileReference; lastKnownFileType = file.xib; path = WeatherViewController.xib; sourceTree = "<group>"; };
		B5A86BE520DEA71500F9EC45 /* WeatherView.h */ = {isa = PBXFileReference; lastKnownFileType = sourcecode.c.h; path = WeatherView.h; sourceTree = "<group>"; };
		B5A86BE620DEA71500F9EC45 /* WeatherView.m */ = {isa = PBXFileReference; lastKnownFileType = sourcecode.c.objc; path = WeatherView.m; sourceTree = "<group>"; };
		B5A86BE820DEA8B800F9EC45 /* CoreLocation.framework */ = {isa = PBXFileReference; lastKnownFileType = wrapper.framework; name = CoreLocation.framework; path = System/Library/Frameworks/CoreLocation.framework; sourceTree = SDKROOT; };
		B7253BD673751EFD88AC25CB /* Pods-weatherClient.release.xcconfig */ = {isa = PBXFileReference; includeInIndex = 1; lastKnownFileType = text.xcconfig; name = "Pods-weatherClient.release.xcconfig"; path = "Pods/Target Support Files/Pods-weatherClient/Pods-weatherClient.release.xcconfig"; sourceTree = "<group>"; };
		DA79973DECA91DEB6EF3BA04 /* Pods-weatherClientTests.release.xcconfig */ = {isa = PBXFileReference; includeInIndex = 1; lastKnownFileType = text.xcconfig; name = "Pods-weatherClientTests.release.xcconfig"; path = "Pods/Target Support Files/Pods-weatherClientTests/Pods-weatherClientTests.release.xcconfig"; sourceTree = "<group>"; };
/* End PBXFileReference section */

/* Begin PBXFrameworksBuildPhase section */
		B573DE0920D9509F0083DEC7 /* Frameworks */ = {
			isa = PBXFrameworksBuildPhase;
			buildActionMask = 2147483647;
			files = (
				B5A86BE920DEA8B800F9EC45 /* CoreLocation.framework in Frameworks */,
				80C71D105436DF41D5D31F98 /* libPods-weatherClient.a in Frameworks */,
			);
			runOnlyForDeploymentPostprocessing = 0;
		};
		B573DE2420D950A10083DEC7 /* Frameworks */ = {
			isa = PBXFrameworksBuildPhase;
			buildActionMask = 2147483647;
			files = (
				FDE0209BF348F17B7470ABE9 /* libPods-weatherClientTests.a in Frameworks */,
			);
			runOnlyForDeploymentPostprocessing = 0;
		};
		B573DE2F20D950A10083DEC7 /* Frameworks */ = {
			isa = PBXFrameworksBuildPhase;
			buildActionMask = 2147483647;
			files = (
				A454D55A64E6FD9B7A7486B7 /* libPods-weatherClientUITests.a in Frameworks */,
			);
			runOnlyForDeploymentPostprocessing = 0;
		};
/* End PBXFrameworksBuildPhase section */

/* Begin PBXGroup section */
		17510169FB82EEBAC4DE7146 /* Pods */ = {
			isa = PBXGroup;
			children = (
				A6B6ACA6835109897FAA01D3 /* Pods-weatherClient.debug.xcconfig */,
				B7253BD673751EFD88AC25CB /* Pods-weatherClient.release.xcconfig */,
				20042BA194007700FFB125E4 /* Pods-weatherClientTests.debug.xcconfig */,
				DA79973DECA91DEB6EF3BA04 /* Pods-weatherClientTests.release.xcconfig */,
				655324CC0801B8BCF0C90F84 /* Pods-weatherClientUITests.debug.xcconfig */,
				0A9C636EF08BC4C7121A4F24 /* Pods-weatherClientUITests.release.xcconfig */,
			);
			name = Pods;
			sourceTree = "<group>";
		};
		B573DE0320D9509E0083DEC7 = {
			isa = PBXGroup;
			children = (
				B573DE0E20D9509F0083DEC7 /* weatherClient */,
				B573DE2A20D950A10083DEC7 /* weatherClientTests */,
				B573DE3520D950A10083DEC7 /* weatherClientUITests */,
				B573DE0D20D9509F0083DEC7 /* Products */,
				17510169FB82EEBAC4DE7146 /* Pods */,
				C0AFD6DD50975BB56B78D58D /* Frameworks */,
			);
			sourceTree = "<group>";
		};
		B573DE0D20D9509F0083DEC7 /* Products */ = {
			isa = PBXGroup;
			children = (
				B573DE0C20D9509F0083DEC7 /* weatherClient.app */,
				B573DE2720D950A10083DEC7 /* weatherClientTests.xctest */,
				B573DE3220D950A10083DEC7 /* weatherClientUITests.xctest */,
			);
			name = Products;
			sourceTree = "<group>";
		};
		B573DE0E20D9509F0083DEC7 /* weatherClient */ = {
			isa = PBXGroup;
			children = (
				B573DE4D20D9631A0083DEC7 /* Managers */,
				B573DE4620D95B650083DEC7 /* Models */,
				B573DE4520D95B590083DEC7 /* Controllers */,
				B573DE4420D95B480083DEC7 /* Views */,
				B573DE0F20D9509F0083DEC7 /* AppDelegate.h */,
				B573DE1020D9509F0083DEC7 /* AppDelegate.m */,
				B573DE1520D9509F0083DEC7 /* Main.storyboard */,
				B573DE1B20D950A10083DEC7 /* Assets.xcassets */,
				B573DE1D20D950A10083DEC7 /* LaunchScreen.storyboard */,
				B573DE2020D950A10083DEC7 /* Info.plist */,
				B573DE2120D950A10083DEC7 /* main.m */,
				B573DE1820D9509F0083DEC7 /* weatherClient.xcdatamodeld */,
			);
			path = weatherClient;
			sourceTree = "<group>";
		};
		B573DE2A20D950A10083DEC7 /* weatherClientTests */ = {
			isa = PBXGroup;
			children = (
				B573DE2B20D950A10083DEC7 /* weatherClientTests.m */,
				B573DE2D20D950A10083DEC7 /* Info.plist */,
			);
			path = weatherClientTests;
			sourceTree = "<group>";
		};
		B573DE3520D950A10083DEC7 /* weatherClientUITests */ = {
			isa = PBXGroup;
			children = (
				B573DE3620D950A10083DEC7 /* weatherClientUITests.m */,
				B573DE3820D950A10083DEC7 /* Info.plist */,
			);
			path = weatherClientUITests;
			sourceTree = "<group>";
		};
		B573DE4420D95B480083DEC7 /* Views */ = {
			isa = PBXGroup;
			children = (
				B573DE4720D95D430083DEC7 /* Registration.h */,
				B573DE4820D95D430083DEC7 /* Registration.m */,
				B5A86BE520DEA71500F9EC45 /* WeatherView.h */,
				B5A86BE620DEA71500F9EC45 /* WeatherView.m */,
			);
			path = Views;
			sourceTree = "<group>";
		};
		B573DE4520D95B590083DEC7 /* Controllers */ = {
			isa = PBXGroup;
			children = (
				B573DE1220D9509F0083DEC7 /* ViewController.h */,
				B573DE1320D9509F0083DEC7 /* ViewController.m */,
				B5A86BDD20DBE51600F9EC45 /* TabBarController.h */,
				B5A86BDE20DBE51600F9EC45 /* TabBarController.m */,
				B5A86BE020DEA6B000F9EC45 /* WeatherViewController.h */,
				B5A86BE120DEA6B000F9EC45 /* WeatherViewController.m */,
				B5A86BE220DEA6B000F9EC45 /* WeatherViewController.xib */,
			);
			path = Controllers;
			sourceTree = "<group>";
		};
		B573DE4620D95B650083DEC7 /* Models */ = {
			isa = PBXGroup;
			children = (
				B573DE5020DA5BE50083DEC7 /* Weather.h */,
				B573DE5120DA5BE50083DEC7 /* Weather.m */,
			);
			path = Models;
			sourceTree = "<group>";
		};
		B573DE4D20D9631A0083DEC7 /* Managers */ = {
			isa = PBXGroup;
			children = (
				94E6E39320E14B2800C5CBAE /* Location.h */,
				94E6E39420E14B2800C5CBAE /* Location.m */,
			);
			path = Managers;
			sourceTree = "<group>";
		};
		C0AFD6DD50975BB56B78D58D /* Frameworks */ = {
			isa = PBXGroup;
			children = (
				B5A86BE820DEA8B800F9EC45 /* CoreLocation.framework */,
				9CC4E4C0A2DD50B08029F393 /* libPods-weatherClient.a */,
				9DDCCE3B6EB5C87B181E6078 /* libPods-weatherClientTests.a */,
				2EB687D86631C60BC794B47E /* libPods-weatherClientUITests.a */,
			);
			name = Frameworks;
			sourceTree = "<group>";
		};
/* End PBXGroup section */

/* Begin PBXNativeTarget section */
		B573DE0B20D9509F0083DEC7 /* weatherClient */ = {
			isa = PBXNativeTarget;
			buildConfigurationList = B573DE3B20D950A10083DEC7 /* Build configuration list for PBXNativeTarget "weatherClient" */;
			buildPhases = (
				D90DADBDDF4C841C12A19475 /* [CP] Check Pods Manifest.lock */,
				B573DE0820D9509F0083DEC7 /* Sources */,
				B573DE0920D9509F0083DEC7 /* Frameworks */,
				B573DE0A20D9509F0083DEC7 /* Resources */,
			);
			buildRules = (
			);
			dependencies = (
			);
			name = weatherClient;
			productName = weatherClient;
			productReference = B573DE0C20D9509F0083DEC7 /* weatherClient.app */;
			productType = "com.apple.product-type.application";
		};
		B573DE2620D950A10083DEC7 /* weatherClientTests */ = {
			isa = PBXNativeTarget;
			buildConfigurationList = B573DE3E20D950A10083DEC7 /* Build configuration list for PBXNativeTarget "weatherClientTests" */;
			buildPhases = (
				3881F5D776A39580CC667462 /* [CP] Check Pods Manifest.lock */,
				B573DE2320D950A10083DEC7 /* Sources */,
				B573DE2420D950A10083DEC7 /* Frameworks */,
				B573DE2520D950A10083DEC7 /* Resources */,
			);
			buildRules = (
			);
			dependencies = (
				B573DE2920D950A10083DEC7 /* PBXTargetDependency */,
			);
			name = weatherClientTests;
			productName = weatherClientTests;
			productReference = B573DE2720D950A10083DEC7 /* weatherClientTests.xctest */;
			productType = "com.apple.product-type.bundle.unit-test";
		};
		B573DE3120D950A10083DEC7 /* weatherClientUITests */ = {
			isa = PBXNativeTarget;
			buildConfigurationList = B573DE4120D950A10083DEC7 /* Build configuration list for PBXNativeTarget "weatherClientUITests" */;
			buildPhases = (
				4916B0E12C89CA543AE38DC0 /* [CP] Check Pods Manifest.lock */,
				B573DE2E20D950A10083DEC7 /* Sources */,
				B573DE2F20D950A10083DEC7 /* Frameworks */,
				B573DE3020D950A10083DEC7 /* Resources */,
			);
			buildRules = (
			);
			dependencies = (
				B573DE3420D950A10083DEC7 /* PBXTargetDependency */,
			);
			name = weatherClientUITests;
			productName = weatherClientUITests;
			productReference = B573DE3220D950A10083DEC7 /* weatherClientUITests.xctest */;
			productType = "com.apple.product-type.bundle.ui-testing";
		};
/* End PBXNativeTarget section */

/* Begin PBXProject section */
		B573DE0420D9509E0083DEC7 /* Project object */ = {
			isa = PBXProject;
			attributes = {
				LastUpgradeCheck = 0940;
				ORGANIZATIONNAME = Maksim;
				TargetAttributes = {
					B573DE0B20D9509F0083DEC7 = {
						CreatedOnToolsVersion = 9.4;
					};
					B573DE2620D950A10083DEC7 = {
						CreatedOnToolsVersion = 9.4;
						TestTargetID = B573DE0B20D9509F0083DEC7;
					};
					B573DE3120D950A10083DEC7 = {
						CreatedOnToolsVersion = 9.4;
						TestTargetID = B573DE0B20D9509F0083DEC7;
					};
				};
			};
			buildConfigurationList = B573DE0720D9509E0083DEC7 /* Build configuration list for PBXProject "weatherClient" */;
			compatibilityVersion = "Xcode 9.3";
			developmentRegion = en;
			hasScannedForEncodings = 0;
			knownRegions = (
				en,
				Base,
			);
			mainGroup = B573DE0320D9509E0083DEC7;
			productRefGroup = B573DE0D20D9509F0083DEC7 /* Products */;
			projectDirPath = "";
			projectRoot = "";
			targets = (
				B573DE0B20D9509F0083DEC7 /* weatherClient */,
				B573DE2620D950A10083DEC7 /* weatherClientTests */,
				B573DE3120D950A10083DEC7 /* weatherClientUITests */,
			);
		};
/* End PBXProject section */

/* Begin PBXResourcesBuildPhase section */
		B573DE0A20D9509F0083DEC7 /* Resources */ = {
			isa = PBXResourcesBuildPhase;
			buildActionMask = 2147483647;
			files = (
				B5A86BE420DEA6B000F9EC45 /* WeatherViewController.xib in Resources */,
				B573DE1F20D950A10083DEC7 /* LaunchScreen.storyboard in Resources */,
				B573DE1C20D950A10083DEC7 /* Assets.xcassets in Resources */,
				B573DE1720D9509F0083DEC7 /* Main.storyboard in Resources */,
			);
			runOnlyForDeploymentPostprocessing = 0;
		};
		B573DE2520D950A10083DEC7 /* Resources */ = {
			isa = PBXResourcesBuildPhase;
			buildActionMask = 2147483647;
			files = (
			);
			runOnlyForDeploymentPostprocessing = 0;
		};
		B573DE3020D950A10083DEC7 /* Resources */ = {
			isa = PBXResourcesBuildPhase;
			buildActionMask = 2147483647;
			files = (
			);
			runOnlyForDeploymentPostprocessing = 0;
		};
/* End PBXResourcesBuildPhase section */

/* Begin PBXShellScriptBuildPhase section */
		3881F5D776A39580CC667462 /* [CP] Check Pods Manifest.lock */ = {
			isa = PBXShellScriptBuildPhase;
			buildActionMask = 2147483647;
			files = (
			);
			inputPaths = (
				"${PODS_PODFILE_DIR_PATH}/Podfile.lock",
				"${PODS_ROOT}/Manifest.lock",
			);
			name = "[CP] Check Pods Manifest.lock";
			outputPaths = (
				"$(DERIVED_FILE_DIR)/Pods-weatherClientTests-checkManifestLockResult.txt",
			);
			runOnlyForDeploymentPostprocessing = 0;
			shellPath = /bin/sh;
			shellScript = "diff \"${PODS_PODFILE_DIR_PATH}/Podfile.lock\" \"${PODS_ROOT}/Manifest.lock\" > /dev/null\nif [ $? != 0 ] ; then\n    # print error to STDERR\n    echo \"error: The sandbox is not in sync with the Podfile.lock. Run 'pod install' or update your CocoaPods installation.\" >&2\n    exit 1\nfi\n# This output is used by Xcode 'outputs' to avoid re-running this script phase.\necho \"SUCCESS\" > \"${SCRIPT_OUTPUT_FILE_0}\"\n";
			showEnvVarsInLog = 0;
		};
		4916B0E12C89CA543AE38DC0 /* [CP] Check Pods Manifest.lock */ = {
			isa = PBXShellScriptBuildPhase;
			buildActionMask = 2147483647;
			files = (
			);
			inputPaths = (
				"${PODS_PODFILE_DIR_PATH}/Podfile.lock",
				"${PODS_ROOT}/Manifest.lock",
			);
			name = "[CP] Check Pods Manifest.lock";
			outputPaths = (
				"$(DERIVED_FILE_DIR)/Pods-weatherClientUITests-checkManifestLockResult.txt",
			);
			runOnlyForDeploymentPostprocessing = 0;
			shellPath = /bin/sh;
			shellScript = "diff \"${PODS_PODFILE_DIR_PATH}/Podfile.lock\" \"${PODS_ROOT}/Manifest.lock\" > /dev/null\nif [ $? != 0 ] ; then\n    # print error to STDERR\n    echo \"error: The sandbox is not in sync with the Podfile.lock. Run 'pod install' or update your CocoaPods installation.\" >&2\n    exit 1\nfi\n# This output is used by Xcode 'outputs' to avoid re-running this script phase.\necho \"SUCCESS\" > \"${SCRIPT_OUTPUT_FILE_0}\"\n";
			showEnvVarsInLog = 0;
		};
		D90DADBDDF4C841C12A19475 /* [CP] Check Pods Manifest.lock */ = {
			isa = PBXShellScriptBuildPhase;
			buildActionMask = 2147483647;
			files = (
			);
			inputPaths = (
				"${PODS_PODFILE_DIR_PATH}/Podfile.lock",
				"${PODS_ROOT}/Manifest.lock",
			);
			name = "[CP] Check Pods Manifest.lock";
			outputPaths = (
				"$(DERIVED_FILE_DIR)/Pods-weatherClient-checkManifestLockResult.txt",
			);
			runOnlyForDeploymentPostprocessing = 0;
			shellPath = /bin/sh;
			shellScript = "diff \"${PODS_PODFILE_DIR_PATH}/Podfile.lock\" \"${PODS_ROOT}/Manifest.lock\" > /dev/null\nif [ $? != 0 ] ; then\n    # print error to STDERR\n    echo \"error: The sandbox is not in sync with the Podfile.lock. Run 'pod install' or update your CocoaPods installation.\" >&2\n    exit 1\nfi\n# This output is used by Xcode 'outputs' to avoid re-running this script phase.\necho \"SUCCESS\" > \"${SCRIPT_OUTPUT_FILE_0}\"\n";
			showEnvVarsInLog = 0;
		};
/* End PBXShellScriptBuildPhase section */

/* Begin PBXSourcesBuildPhase section */
		B573DE0820D9509F0083DEC7 /* Sources */ = {
			isa = PBXSourcesBuildPhase;
			buildActionMask = 2147483647;
			files = (
				B5A86BDF20DBE51600F9EC45 /* TabBarController.m in Sources */,
				B5A86BE720DEA71500F9EC45 /* WeatherView.m in Sources */,
				B5A86BE320DEA6B000F9EC45 /* WeatherViewController.m in Sources */,
				B573DE5220DA5BE50083DEC7 /* Weather.m in Sources */,
				B573DE1420D9509F0083DEC7 /* ViewController.m in Sources */,
				B573DE4920D95D430083DEC7 /* Registration.m in Sources */,
				94E6E39520E14B2800C5CBAE /* Location.m in Sources */,
				B573DE1A20D9509F0083DEC7 /* weatherClient.xcdatamodeld in Sources */,
				B573DE2220D950A10083DEC7 /* main.m in Sources */,
				B573DE1120D9509F0083DEC7 /* AppDelegate.m in Sources */,
			);
			runOnlyForDeploymentPostprocessing = 0;
		};
		B573DE2320D950A10083DEC7 /* Sources */ = {
			isa = PBXSourcesBuildPhase;
			buildActionMask = 2147483647;
			files = (
				B573DE2C20D950A10083DEC7 /* weatherClientTests.m in Sources */,
			);
			runOnlyForDeploymentPostprocessing = 0;
		};
		B573DE2E20D950A10083DEC7 /* Sources */ = {
			isa = PBXSourcesBuildPhase;
			buildActionMask = 2147483647;
			files = (
				B573DE3720D950A10083DEC7 /* weatherClientUITests.m in Sources */,
			);
			runOnlyForDeploymentPostprocessing = 0;
		};
/* End PBXSourcesBuildPhase section */

/* Begin PBXTargetDependency section */
		B573DE2920D950A10083DEC7 /* PBXTargetDependency */ = {
			isa = PBXTargetDependency;
			target = B573DE0B20D9509F0083DEC7 /* weatherClient */;
			targetProxy = B573DE2820D950A10083DEC7 /* PBXContainerItemProxy */;
		};
		B573DE3420D950A10083DEC7 /* PBXTargetDependency */ = {
			isa = PBXTargetDependency;
			target = B573DE0B20D9509F0083DEC7 /* weatherClient */;
			targetProxy = B573DE3320D950A10083DEC7 /* PBXContainerItemProxy */;
		};
/* End PBXTargetDependency section */

/* Begin PBXVariantGroup section */
		B573DE1520D9509F0083DEC7 /* Main.storyboard */ = {
			isa = PBXVariantGroup;
			children = (
				B573DE1620D9509F0083DEC7 /* Base */,
			);
			name = Main.storyboard;
			sourceTree = "<group>";
		};
		B573DE1D20D950A10083DEC7 /* LaunchScreen.storyboard */ = {
			isa = PBXVariantGroup;
			children = (
				B573DE1E20D950A10083DEC7 /* Base */,
			);
			name = LaunchScreen.storyboard;
			sourceTree = "<group>";
		};
/* End PBXVariantGroup section */

/* Begin XCBuildConfiguration section */
		B573DE3920D950A10083DEC7 /* Debug */ = {
			isa = XCBuildConfiguration;
			buildSettings = {
				ALWAYS_SEARCH_USER_PATHS = NO;
				CLANG_ANALYZER_NONNULL = YES;
				CLANG_ANALYZER_NUMBER_OBJECT_CONVERSION = YES_AGGRESSIVE;
				CLANG_CXX_LANGUAGE_STANDARD = "gnu++14";
				CLANG_CXX_LIBRARY = "libc++";
				CLANG_ENABLE_MODULES = YES;
				CLANG_ENABLE_OBJC_ARC = YES;
				CLANG_ENABLE_OBJC_WEAK = YES;
				CLANG_WARN_BLOCK_CAPTURE_AUTORELEASING = YES;
				CLANG_WARN_BOOL_CONVERSION = YES;
				CLANG_WARN_COMMA = YES;
				CLANG_WARN_CONSTANT_CONVERSION = YES;
				CLANG_WARN_DEPRECATED_OBJC_IMPLEMENTATIONS = YES;
				CLANG_WARN_DIRECT_OBJC_ISA_USAGE = YES_ERROR;
				CLANG_WARN_DOCUMENTATION_COMMENTS = YES;
				CLANG_WARN_EMPTY_BODY = YES;
				CLANG_WARN_ENUM_CONVERSION = YES;
				CLANG_WARN_INFINITE_RECURSION = YES;
				CLANG_WARN_INT_CONVERSION = YES;
				CLANG_WARN_NON_LITERAL_NULL_CONVERSION = YES;
				CLANG_WARN_OBJC_IMPLICIT_RETAIN_SELF = YES;
				CLANG_WARN_OBJC_LITERAL_CONVERSION = YES;
				CLANG_WARN_OBJC_ROOT_CLASS = YES_ERROR;
				CLANG_WARN_RANGE_LOOP_ANALYSIS = YES;
				CLANG_WARN_STRICT_PROTOTYPES = YES;
				CLANG_WARN_SUSPICIOUS_MOVE = YES;
				CLANG_WARN_UNGUARDED_AVAILABILITY = YES_AGGRESSIVE;
				CLANG_WARN_UNREACHABLE_CODE = YES;
				CLANG_WARN__DUPLICATE_METHOD_MATCH = YES;
				CODE_SIGN_IDENTITY = "iPhone Developer";
				COPY_PHASE_STRIP = NO;
				DEBUG_INFORMATION_FORMAT = dwarf;
				ENABLE_STRICT_OBJC_MSGSEND = YES;
				ENABLE_TESTABILITY = YES;
				GCC_C_LANGUAGE_STANDARD = gnu11;
				GCC_DYNAMIC_NO_PIC = NO;
				GCC_NO_COMMON_BLOCKS = YES;
				GCC_OPTIMIZATION_LEVEL = 0;
				GCC_PREPROCESSOR_DEFINITIONS = (
					"DEBUG=1",
					"$(inherited)",
				);
				GCC_WARN_64_TO_32_BIT_CONVERSION = YES;
				GCC_WARN_ABOUT_RETURN_TYPE = YES_ERROR;
				GCC_WARN_UNDECLARED_SELECTOR = YES;
				GCC_WARN_UNINITIALIZED_AUTOS = YES_AGGRESSIVE;
				GCC_WARN_UNUSED_FUNCTION = YES;
				GCC_WARN_UNUSED_VARIABLE = YES;
				IPHONEOS_DEPLOYMENT_TARGET = 11.4;
				MTL_ENABLE_DEBUG_INFO = YES;
				ONLY_ACTIVE_ARCH = YES;
				SDKROOT = iphoneos;
			};
			name = Debug;
		};
		B573DE3A20D950A10083DEC7 /* Release */ = {
			isa = XCBuildConfiguration;
			buildSettings = {
				ALWAYS_SEARCH_USER_PATHS = NO;
				CLANG_ANALYZER_NONNULL = YES;
				CLANG_ANALYZER_NUMBER_OBJECT_CONVERSION = YES_AGGRESSIVE;
				CLANG_CXX_LANGUAGE_STANDARD = "gnu++14";
				CLANG_CXX_LIBRARY = "libc++";
				CLANG_ENABLE_MODULES = YES;
				CLANG_ENABLE_OBJC_ARC = YES;
				CLANG_ENABLE_OBJC_WEAK = YES;
				CLANG_WARN_BLOCK_CAPTURE_AUTORELEASING = YES;
				CLANG_WARN_BOOL_CONVERSION = YES;
				CLANG_WARN_COMMA = YES;
				CLANG_WARN_CONSTANT_CONVERSION = YES;
				CLANG_WARN_DEPRECATED_OBJC_IMPLEMENTATIONS = YES;
				CLANG_WARN_DIRECT_OBJC_ISA_USAGE = YES_ERROR;
				CLANG_WARN_DOCUMENTATION_COMMENTS = YES;
				CLANG_WARN_EMPTY_BODY = YES;
				CLANG_WARN_ENUM_CONVERSION = YES;
				CLANG_WARN_INFINITE_RECURSION = YES;
				CLANG_WARN_INT_CONVERSION = YES;
				CLANG_WARN_NON_LITERAL_NULL_CONVERSION = YES;
				CLANG_WARN_OBJC_IMPLICIT_RETAIN_SELF = YES;
				CLANG_WARN_OBJC_LITERAL_CONVERSION = YES;
				CLANG_WARN_OBJC_ROOT_CLASS = YES_ERROR;
				CLANG_WARN_RANGE_LOOP_ANALYSIS = YES;
				CLANG_WARN_STRICT_PROTOTYPES = YES;
				CLANG_WARN_SUSPICIOUS_MOVE = YES;
				CLANG_WARN_UNGUARDED_AVAILABILITY = YES_AGGRESSIVE;
				CLANG_WARN_UNREACHABLE_CODE = YES;
				CLANG_WARN__DUPLICATE_METHOD_MATCH = YES;
				CODE_SIGN_IDENTITY = "iPhone Developer";
				COPY_PHASE_STRIP = NO;
				DEBUG_INFORMATION_FORMAT = "dwarf-with-dsym";
				ENABLE_NS_ASSERTIONS = NO;
				ENABLE_STRICT_OBJC_MSGSEND = YES;
				GCC_C_LANGUAGE_STANDARD = gnu11;
				GCC_NO_COMMON_BLOCKS = YES;
				GCC_WARN_64_TO_32_BIT_CONVERSION = YES;
				GCC_WARN_ABOUT_RETURN_TYPE = YES_ERROR;
				GCC_WARN_UNDECLARED_SELECTOR = YES;
				GCC_WARN_UNINITIALIZED_AUTOS = YES_AGGRESSIVE;
				GCC_WARN_UNUSED_FUNCTION = YES;
				GCC_WARN_UNUSED_VARIABLE = YES;
				IPHONEOS_DEPLOYMENT_TARGET = 11.4;
				MTL_ENABLE_DEBUG_INFO = NO;
				SDKROOT = iphoneos;
				VALIDATE_PRODUCT = YES;
			};
			name = Release;
		};
		B573DE3C20D950A10083DEC7 /* Debug */ = {
			isa = XCBuildConfiguration;
			baseConfigurationReference = A6B6ACA6835109897FAA01D3 /* Pods-weatherClient.debug.xcconfig */;
			buildSettings = {
				ASSETCATALOG_COMPILER_APPICON_NAME = AppIcon;
				CLANG_WARN_OBJC_IMPLICIT_RETAIN_SELF = NO;
				CODE_SIGN_STYLE = Automatic;
				INFOPLIST_FILE = weatherClient/Info.plist;
				LD_RUNPATH_SEARCH_PATHS = (
					"$(inherited)",
					"@executable_path/Frameworks",
				);
				PRODUCT_BUNDLE_IDENTIFIER = vvdev.ru.weatherClient;
				PRODUCT_NAME = "$(TARGET_NAME)";
				TARGETED_DEVICE_FAMILY = "1,2";
			};
			name = Debug;
		};
		B573DE3D20D950A10083DEC7 /* Release */ = {
			isa = XCBuildConfiguration;
			baseConfigurationReference = B7253BD673751EFD88AC25CB /* Pods-weatherClient.release.xcconfig */;
			buildSettings = {
				ASSETCATALOG_COMPILER_APPICON_NAME = AppIcon;
				CLANG_WARN_OBJC_IMPLICIT_RETAIN_SELF = NO;
				CODE_SIGN_STYLE = Automatic;
				INFOPLIST_FILE = weatherClient/Info.plist;
				LD_RUNPATH_SEARCH_PATHS = (
					"$(inherited)",
					"@executable_path/Frameworks",
				);
				PRODUCT_BUNDLE_IDENTIFIER = vvdev.ru.weatherClient;
				PRODUCT_NAME = "$(TARGET_NAME)";
				TARGETED_DEVICE_FAMILY = "1,2";
			};
			name = Release;
		};
		B573DE3F20D950A10083DEC7 /* Debug */ = {
			isa = XCBuildConfiguration;
			baseConfigurationReference = 20042BA194007700FFB125E4 /* Pods-weatherClientTests.debug.xcconfig */;
			buildSettings = {
				BUNDLE_LOADER = "$(TEST_HOST)";
				CODE_SIGN_STYLE = Automatic;
				INFOPLIST_FILE = weatherClientTests/Info.plist;
				LD_RUNPATH_SEARCH_PATHS = (
					"$(inherited)",
					"@executable_path/Frameworks",
					"@loader_path/Frameworks",
				);
				PRODUCT_BUNDLE_IDENTIFIER = vvdev.ru.weatherClientTests;
				PRODUCT_NAME = "$(TARGET_NAME)";
				TARGETED_DEVICE_FAMILY = "1,2";
				TEST_HOST = "$(BUILT_PRODUCTS_DIR)/weatherClient.app/weatherClient";
			};
			name = Debug;
		};
		B573DE4020D950A10083DEC7 /* Release */ = {
			isa = XCBuildConfiguration;
			baseConfigurationReference = DA79973DECA91DEB6EF3BA04 /* Pods-weatherClientTests.release.xcconfig */;
			buildSettings = {
				BUNDLE_LOADER = "$(TEST_HOST)";
				CODE_SIGN_STYLE = Automatic;
				INFOPLIST_FILE = weatherClientTests/Info.plist;
				LD_RUNPATH_SEARCH_PATHS = (
					"$(inherited)",
					"@executable_path/Frameworks",
					"@loader_path/Frameworks",
				);
				PRODUCT_BUNDLE_IDENTIFIER = vvdev.ru.weatherClientTests;
				PRODUCT_NAME = "$(TARGET_NAME)";
				TARGETED_DEVICE_FAMILY = "1,2";
				TEST_HOST = "$(BUILT_PRODUCTS_DIR)/weatherClient.app/weatherClient";
			};
			name = Release;
		};
		B573DE4220D950A10083DEC7 /* Debug */ = {
			isa = XCBuildConfiguration;
			baseConfigurationReference = 655324CC0801B8BCF0C90F84 /* Pods-weatherClientUITests.debug.xcconfig */;
			buildSettings = {
				CODE_SIGN_STYLE = Automatic;
				INFOPLIST_FILE = weatherClientUITests/Info.plist;
				LD_RUNPATH_SEARCH_PATHS = (
					"$(inherited)",
					"@executable_path/Frameworks",
					"@loader_path/Frameworks",
				);
				PRODUCT_BUNDLE_IDENTIFIER = vvdev.ru.weatherClientUITests;
				PRODUCT_NAME = "$(TARGET_NAME)";
				TARGETED_DEVICE_FAMILY = "1,2";
				TEST_TARGET_NAME = weatherClient;
			};
			name = Debug;
		};
		B573DE4320D950A10083DEC7 /* Release */ = {
			isa = XCBuildConfiguration;
			baseConfigurationReference = 0A9C636EF08BC4C7121A4F24 /* Pods-weatherClientUITests.release.xcconfig */;
			buildSettings = {
				CODE_SIGN_STYLE = Automatic;
				INFOPLIST_FILE = weatherClientUITests/Info.plist;
				LD_RUNPATH_SEARCH_PATHS = (
					"$(inherited)",
					"@executable_path/Frameworks",
					"@loader_path/Frameworks",
				);
				PRODUCT_BUNDLE_IDENTIFIER = vvdev.ru.weatherClientUITests;
				PRODUCT_NAME = "$(TARGET_NAME)";
				TARGETED_DEVICE_FAMILY = "1,2";
				TEST_TARGET_NAME = weatherClient;
			};
			name = Release;
		};
/* End XCBuildConfiguration section */

/* Begin XCConfigurationList section */
		B573DE0720D9509E0083DEC7 /* Build configuration list for PBXProject "weatherClient" */ = {
			isa = XCConfigurationList;
			buildConfigurations = (
				B573DE3920D950A10083DEC7 /* Debug */,
				B573DE3A20D950A10083DEC7 /* Release */,
			);
			defaultConfigurationIsVisible = 0;
			defaultConfigurationName = Release;
		};
		B573DE3B20D950A10083DEC7 /* Build configuration list for PBXNativeTarget "weatherClient" */ = {
			isa = XCConfigurationList;
			buildConfigurations = (
				B573DE3C20D950A10083DEC7 /* Debug */,
				B573DE3D20D950A10083DEC7 /* Release */,
			);
			defaultConfigurationIsVisible = 0;
			defaultConfigurationName = Release;
		};
		B573DE3E20D950A10083DEC7 /* Build configuration list for PBXNativeTarget "weatherClientTests" */ = {
			isa = XCConfigurationList;
			buildConfigurations = (
				B573DE3F20D950A10083DEC7 /* Debug */,
				B573DE4020D950A10083DEC7 /* Release */,
			);
			defaultConfigurationIsVisible = 0;
			defaultConfigurationName = Release;
		};
		B573DE4120D950A10083DEC7 /* Build configuration list for PBXNativeTarget "weatherClientUITests" */ = {
			isa = XCConfigurationList;
			buildConfigurations = (
				B573DE4220D950A10083DEC7 /* Debug */,
				B573DE4320D950A10083DEC7 /* Release */,
			);
			defaultConfigurationIsVisible = 0;
			defaultConfigurationName = Release;
		};
/* End XCConfigurationList section */

/* Begin XCVersionGroup section */
		B573DE1820D9509F0083DEC7 /* weatherClient.xcdatamodeld */ = {
			isa = XCVersionGroup;
			children = (
				B573DE1920D9509F0083DEC7 /* weatherClient.xcdatamodel */,
			);
			currentVersion = B573DE1920D9509F0083DEC7 /* weatherClient.xcdatamodel */;
			path = weatherClient.xcdatamodeld;
			sourceTree = "<group>";
			versionGroupType = wrapper.xcdatamodel;
		};
/* End XCVersionGroup section */
	};
	rootObject = B573DE0420D9509E0083DEC7 /* Project object */;
}
